
Microsoft Visual Studio Solution File, Format Version 12.00
# Visual Studio Version 17
VisualStudioVersion = 17.8.34316.72
MinimumVisualStudioVersion = 10.0.40219.1
Project("{8BC9CEB8-8B4A-11D0-8D11-00A0C91BC942}") = "day1", "day1\day1.vcxproj", "{72FF6D27-A85F-44F6-9053-765E3C0658BE}"
EndProject
Project("{8BC9CEB8-8B4A-11D0-8D11-00A0C91BC942}") = "day2", "day2\day2.vcxproj", "{340230CC-A516-4CE4-A6E4-DFD7167ABA51}"
EndProject
Project("{8BC9CEB8-8B4A-11D0-8D11-00A0C91BC942}") = "day3", "day3\day3.vcxproj", "{0C57B1BF-14C2-464B-B405-FFE50133145A}"
EndProject
Project("{8BC9CEB8-8B4A-11D0-8D11-00A0C91BC942}") = "day4", "day4\day4.vcxproj", "{C08833CC-3A62-4296-A207-534BA57C5C35}"
EndProject
Project("{8BC9CEB8-8B4A-11D0-8D11-00A0C91BC942}") = "day5", "day5\day5.vcxproj", "{78C13AC4-3DD3-4D98-8AB8-CEEEDEE0AC8E}"
EndProject
Project("{8BC9CEB8-8B4A-11D0-8D11-00A0C91BC942}") = "day6", "day6\day6.vcxproj", "{EBB24306-1B95-43F3-A4D4-9E95134E72C1}"
EndProject
Project("{8BC9CEB8-8B4A-11D0-8D11-00A0C91BC942}") = "day7", "day7\day7.vcxproj", "{1AB336E9-FB2F-4AE5-9126-66D8BB98B61C}"
EndProject
Global
	GlobalSection(SolutionConfigurationPlatforms) = preSolution
		Debug|x64 = Debug|x64
		Debug|x86 = Debug|x86
		Release|x64 = Release|x64
		Release|x86 = Release|x86
	EndGlobalSection
	GlobalSection(ProjectConfigurationPlatforms) = postSolution
		{72FF6D27-A85F-44F6-9053-765E3C0658BE}.Debug|x64.ActiveCfg = Debug|x64
		{72FF6D27-A85F-44F6-9053-765E3C0658BE}.Debug|x64.Build.0 = Debug|x64
		{72FF6D27-A85F-44F6-9053-765E3C0658BE}.Debug|x86.ActiveCfg = Debug|Win32
		{72FF6D27-A85F-44F6-9053-765E3C0658BE}.Debug|x86.Build.0 = Debug|Win32
		{72FF6D27-A85F-44F6-9053-765E3C0658BE}.Release|x64.ActiveCfg = Release|x64
		{72FF6D27-A85F-44F6-9053-765E3C0658BE}.Release|x64.Build.0 = Release|x64
		{72FF6D27-A85F-44F6-9053-765E3C0658BE}.Release|x86.ActiveCfg = Release|Win32
		{72FF6D27-A85F-44F6-9053-765E3C0658BE}.Release|x86.Build.0 = Release|Win32
		{340230CC-A516-4CE4-A6E4-DFD7167ABA51}.Debug|x64.ActiveCfg = Debug|x64
		{340230CC-A516-4CE4-A6E4-DFD7167ABA51}.Debug|x64.Build.0 = Debug|x64
		{340230CC-A516-4CE4-A6E4-DFD7167ABA51}.Debug|x86.ActiveCfg = Debug|Win32
		{340230CC-A516-4CE4-A6E4-DFD7167ABA51}.Debug|x86.Build.0 = Debug|Win32
		{340230CC-A516-4CE4-A6E4-DFD7167ABA51}.Release|x64.ActiveCfg = Release|x64
		{340230CC-A516-4CE4-A6E4-DFD7167ABA51}.Release|x64.Build.0 = Release|x64
		{340230CC-A516-4CE4-A6E4-DFD7167ABA51}.Release|x86.ActiveCfg = Release|Win32
		{340230CC-A516-4CE4-A6E4-DFD7167ABA51}.Release|x86.Build.0 = Release|Win32
		{0C57B1BF-14C2-464B-B405-FFE50133145A}.Debug|x64.ActiveCfg = Debug|x64
		{0C57B1BF-14C2-464B-B405-FFE50133145A}.Debug|x64.Build.0 = Debug|x64
		{0C57B1BF-14C2-464B-B405-FFE50133145A}.Debug|x86.ActiveCfg = Debug|Win32
		{0C57B1BF-14C2-464B-B405-FFE50133145A}.Debug|x86.Build.0 = Debug|Win32
		{0C57B1BF-14C2-464B-B405-FFE50133145A}.Release|x64.ActiveCfg = Release|x64
		{0C57B1BF-14C2-464B-B405-FFE50133145A}.Release|x64.Build.0 = Release|x64
		{0C57B1BF-14C2-464B-B405-FFE50133145A}.Release|x86.ActiveCfg = Release|Win32
		{0C57B1BF-14C2-464B-B405-FFE50133145A}.Release|x86.Build.0 = Release|Win32
		{C08833CC-3A62-4296-A207-534BA57C5C35}.Debug|x64.ActiveCfg = Debug|x64
		{C08833CC-3A62-4296-A207-534BA57C5C35}.Debug|x64.Build.0 = Debug|x64
		{C08833CC-3A62-4296-A207-534BA57C5C35}.Debug|x86.ActiveCfg = Debug|Win32
		{C08833CC-3A62-4296-A207-534BA57C5C35}.Debug|x86.Build.0 = Debug|Win32
		{C08833CC-3A62-4296-A207-534BA57C5C35}.Release|x64.ActiveCfg = Release|x64
		{C08833CC-3A62-4296-A207-534BA57C5C35}.Release|x64.Build.0 = Release|x64
		{C08833CC-3A62-4296-A207-534BA57C5C35}.Release|x86.ActiveCfg = Release|Win32
		{C08833CC-3A62-4296-A207-534BA57C5C35}.Release|x86.Build.0 = Release|Win32
		{78C13AC4-3DD3-4D98-8AB8-CEEEDEE0AC8E}.Debug|x64.ActiveCfg = Debug|x64
		{78C13AC4-3DD3-4D98-8AB8-CEEEDEE0AC8E}.Debug|x64.Build.0 = Debug|x64
		{78C13AC4-3DD3-4D98-8AB8-CEEEDEE0AC8E}.Debug|x86.ActiveCfg = Debug|Win32
		{78C13AC4-3DD3-4D98-8AB8-CEEEDEE0AC8E}.Debug|x86.Build.0 = Debug|Win32
		{78C13AC4-3DD3-4D98-8AB8-CEEEDEE0AC8E}.Release|x64.ActiveCfg = Release|x64
		{78C13AC4-3DD3-4D98-8AB8-CEEEDEE0AC8E}.Release|x64.Build.0 = Release|x64
		{78C13AC4-3DD3-4D98-8AB8-CEEEDEE0AC8E}.Release|x86.ActiveCfg = Release|Win32
		{78C13AC4-3DD3-4D98-8AB8-CEEEDEE0AC8E}.Release|x86.Build.0 = Release|Win32
		{EBB24306-1B95-43F3-A4D4-9E95134E72C1}.Debug|x64.ActiveCfg = Debug|x64
		{EBB24306-1B95-43F3-A4D4-9E95134E72C1}.Debug|x64.Build.0 = Debug|x64
		{EBB24306-1B95-43F3-A4D4-9E95134E72C1}.Debug|x86.ActiveCfg = Debug|Win32
		{EBB24306-1B95-43F3-A4D4-9E95134E72C1}.Debug|x86.Build.0 = Debug|Win32
		{EBB24306-1B95-43F3-A4D4-9E95134E72C1}.Release|x64.ActiveCfg = Release|x64
		{EBB24306-1B95-43F3-A4D4-9E95134E72C1}.Release|x64.Build.0 = Release|x64
		{EBB24306-1B95-43F3-A4D4-9E95134E72C1}.Release|x86.ActiveCfg = Release|Win32
		{EBB24306-1B95-43F3-A4D4-9E95134E72C1}.Release|x86.Build.0 = Release|Win32
		{1AB336E9-FB2F-4AE5-9126-66D8BB98B61C}.Debug|x64.ActiveCfg = Debug|x64
		{1AB336E9-FB2F-4AE5-9126-66D8BB98B61C}.Debug|x64.Build.0 = Debug|x64
		{1AB336E9-FB2F-4AE5-9126-66D8BB98B61C}.Debug|x86.ActiveCfg = Debug|Win32
		{1AB336E9-FB2F-4AE5-9126-66D8BB98B61C}.Debug|x86.Build.0 = Debug|Win32
		{1AB336E9-FB2F-4AE5-9126-66D8BB98B61C}.Release|x64.ActiveCfg = Release|x64
		{1AB336E9-FB2F-4AE5-9126-66D8BB98B61C}.Release|x64.Build.0 = Release|x64
		{1AB336E9-FB2F-4AE5-9126-66D8BB98B61C}.Release|x86.ActiveCfg = Release|Win32
		{1AB336E9-FB2F-4AE5-9126-66D8BB98B61C}.Release|x86.Build.0 = Release|Win32
	EndGlobalSection
	GlobalSection(SolutionProperties) = preSolution
		HideSolutionNode = FALSE
	EndGlobalSection
	GlobalSection(ExtensibilityGlobals) = postSolution
		SolutionGuid = {7BBA359F-56C3-4D6E-9B5B-A2417EA5E1EF}
	EndGlobalSection
EndGlobal
