<?xml version="1.0" encoding="utf-8"?>
<Project ToolsVersion="4.0" xmlns="http://schemas.microsoft.com/developer/msbuild/2003">
  <ItemGroup>
    <Filter Include="data">
      <UniqueIdentifier>{1b9aae92-58d5-4c16-a94a-a565f2e9a9b5}</UniqueIdentifier>
    </Filter>
  </ItemGroup>
  <ItemGroup>
    <ClCompile Include="day4.cpp" />
  </ItemGroup>
  <ItemGroup>
    <CopyFileToFolders Include="data\input">
      <Filter>data</Filter>
    </CopyFileToFolders>
    <CopyFileToFolders Include="data\test_input" />
  </ItemGroup>
</Project>