<?xml version="1.0" encoding="utf-8"?>
<Project ToolsVersion="4.0" xmlns="http://schemas.microsoft.com/developer/msbuild/2003">
  <ItemGroup>
    <Filter Include="data">
      <UniqueIdentifier>{3269fb9d-926a-4fdb-bf94-73beed12f7a3}</UniqueIdentifier>
    </Filter>
  </ItemGroup>
  <ItemGroup>
    <CopyFileToFolders Include="data\input">
      <Filter>data</Filter>
    </CopyFileToFolders>
    <CopyFileToFolders Include="data\test_input" />
  </ItemGroup>
  <ItemGroup>
    <ClCompile Include="day3.cpp" />
  </ItemGroup>
</Project>